dependencies:
  espressif/cmake_utilities:
    component_hash: 351350613ceafba240b761b4ea991e0f231ac7a9f59a9ee901f751bddc0bb18f
    dependencies:
    - name: idf
      require: private
      version: '>=4.1'
    source:
      registry_url: https://components.espressif.com
      type: service
    version: 0.5.3
  espressif/esp_codec_dev:
    component_hash: df70f10af8d7b922add7b9d07372c9c97ab356e58d72b7a892050227c2d44348
    dependencies:
    - name: idf
      require: private
      version: '>=4.0'
    source:
      registry_url: https://components.espressif.com
      type: service
    version: 1.5.11
  espressif/esp_lcd_ek79007:
    component_hash: c5a0501fbab972031026aa6144354b31ed6db899cf2ee5a22ca4ebaf3fea1657
    dependencies:
    - name: espressif/cmake_utilities
      registry_url: https://components.espressif.com
      require: private
      version: 0.*
    - name: idf
      require: private
      version: '>=5.3'
    source:
      registry_url: https://components.espressif.com
      type: service
    targets:
    - esp32p4
    version: 2.0.2~1
  espressif/esp_lcd_touch:
    component_hash: 3f85a7d95af876f1a6ecca8eb90a81614890d0f03a038390804e5a77e2caf862
    dependencies:
    - name: idf
      require: private
      version: '>=4.4.2'
    source:
      registry_url: https://components.espressif.com
      type: service
    version: 1.2.1
  espressif/esp_lcd_touch_gt911:
    component_hash: 737bdf29e0823eacf041381e81db2aaf5d378f3b5417df7f415f83319e3e790b
    dependencies:
    - name: espressif/esp_lcd_touch
      registry_url: https://components.espressif.com
      require: public
      version: ^1.2.0
    - name: idf
      require: private
      version: '>=5.2'
    source:
      registry_url: https://components.espressif.com
      type: service
    version: 1.2.1
  espressif/esp_lvgl_port:
    component_hash: d3c020b45c3dfc0d1706a83b63a1c34a6eb444a6e935f9afff79f92b7b94dcef
    dependencies:
    - name: idf
      require: private
      version: '>=5.2'
    - name: lvgl/lvgl
      registry_url: https://components.espressif.com
      require: public
      version: '>=8,<10'
    source:
      registry_url: https://components.espressif.com
      type: service
    version: 2.9.0
  idf:
    source:
      type: idf
    version: 5.4.4
  joltwallet/littlefs:
    component_hash: 3af20a3d75c49db9dc2286fd50862c34055c9f578419ad1f2bf7ed3ed01391fe
    dependencies:
    - name: idf
      require: private
      version: '>=5.0'
    source:
      registry_url: https://components.espressif.com/
      type: service
    version: 1.22.3
  lvgl/lvgl:
    component_hash: b702d642e03e95928046d5c6726558e6444e112420c77efa5fdb6650b0a13c5d
    dependencies: []
    source:
      registry_url: https://components.espressif.com/
      type: service
    version: 9.3.0
  waveshare/esp32_p4_wifi6_touch_lcd_7b:
    component_hash: 8bc2e0ad9be5ab11939cf50a6d8abe51594b097365eae7c23dde32286442a39c
    dependencies:
    - name: espressif/esp_codec_dev
      registry_url: https://components.espressif.com
      require: public
      version: ~1.5
    - name: espressif/esp_lcd_ek79007
      registry_url: https://components.espressif.com
      require: private
      version: ^2.0.2~1
    - name: espressif/esp_lcd_touch_gt911
      registry_url: https://components.espressif.com
      require: private
      version: ^1
    - name: espressif/esp_lvgl_port
      registry_url: https://components.espressif.com
      require: public
      version: ^2
    - name: idf
      require: private
      version: '>=5.3'
    - name: lvgl/lvgl
      registry_url: https://components.espressif.com
      require: private
      version: '>=8,<10'
    - name: espressif/usb
      registry_url: https://components.espressif.com
      require: public
      rules:
      - if: idf_version >=6.0
      version: ^1.0.0
    source:
      registry_url: https://components.espressif.com/
      type: service
    targets:
    - esp32p4
    version: 2.0.0
direct_dependencies:
- joltwallet/littlefs
- lvgl/lvgl
- waveshare/esp32_p4_wifi6_touch_lcd_7b
manifest_hash: 2a5c7bfcafb05bf07b72fafd1a532ed48087bb4b6c06d75b389ace655fb8d6f2
target: esp32p4
version: 2.0.0
